
Microsoft Visual Studio Solution File, Format Version 12.00
# Visual Studio Version 17
VisualStudioVersion = 17.11.35303.130
MinimumVisualStudioVersion = 10.0.40219.1
Project("{FAE04EC0-301F-11D3-BF4B-00C04F79EFBC}") = "ShopWebApp", "ShopWebApp\ShopWebApp.csproj", "{1CB3E503-F7ED-47A3-9F29-AF6AE5118666}"
	ProjectSection(ProjectDependencies) = postProject
		{0DD5BF46-C81B-44D9-85F0-85FAAE55B2E0} = {0DD5BF46-C81B-44D9-85F0-85FAAE55B2E0}
	EndProjectSection
EndProject
Project("{FAE04EC0-301F-11D3-BF4B-00C04F79EFBC}") = "PasswordLibrary", "PasswordLibrary\PasswordLibrary.csproj", "{16155688-6E65-4F29-B586-F36907CE2F95}"
EndProject
Project("{FAE04EC0-301F-11D3-BF4B-00C04F79EFBC}") = "myAuthenticate", "myAuthenticate\myAuthenticate.csproj", "{5A3B986A-214B-4CD2-8596-5B07458061CF}"
EndProject
Project("{FAE04EC0-301F-11D3-BF4B-00C04F79EFBC}") = "Checkout", "..\..\..\school\fall2024\cse445\cse445assignment5\MemberPage\Checkout\Checkout.csproj", "{0DD5BF46-C81B-44D9-85F0-85FAAE55B2E0}"
EndProject
Global
	GlobalSection(SolutionConfigurationPlatforms) = preSolution
		Debug|Any CPU = Debug|Any CPU
		Release|Any CPU = Release|Any CPU
	EndGlobalSection
	GlobalSection(ProjectConfigurationPlatforms) = postSolution
		{1CB3E503-F7ED-47A3-9F29-AF6AE5118666}.Debug|Any CPU.ActiveCfg = Debug|Any CPU
		{1CB3E503-F7ED-47A3-9F29-AF6AE5118666}.Debug|Any CPU.Build.0 = Debug|Any CPU
		{1CB3E503-F7ED-47A3-9F29-AF6AE5118666}.Release|Any CPU.ActiveCfg = Release|Any CPU
		{1CB3E503-F7ED-47A3-9F29-AF6AE5118666}.Release|Any CPU.Build.0 = Release|Any CPU
		{16155688-6E65-4F29-B586-F36907CE2F95}.Debug|Any CPU.ActiveCfg = Debug|Any CPU
		{16155688-6E65-4F29-B586-F36907CE2F95}.Debug|Any CPU.Build.0 = Debug|Any CPU
		{16155688-6E65-4F29-B586-F36907CE2F95}.Release|Any CPU.ActiveCfg = Release|Any CPU
		{16155688-6E65-4F29-B586-F36907CE2F95}.Release|Any CPU.Build.0 = Release|Any CPU
		{5A3B986A-214B-4CD2-8596-5B07458061CF}.Debug|Any CPU.ActiveCfg = Debug|Any CPU
		{5A3B986A-214B-4CD2-8596-5B07458061CF}.Debug|Any CPU.Build.0 = Debug|Any CPU
		{5A3B986A-214B-4CD2-8596-5B07458061CF}.Release|Any CPU.ActiveCfg = Release|Any CPU
		{5A3B986A-214B-4CD2-8596-5B07458061CF}.Release|Any CPU.Build.0 = Release|Any CPU
		{0DD5BF46-C81B-44D9-85F0-85FAAE55B2E0}.Debug|Any CPU.ActiveCfg = Debug|Any CPU
		{0DD5BF46-C81B-44D9-85F0-85FAAE55B2E0}.Debug|Any CPU.Build.0 = Debug|Any CPU
		{0DD5BF46-C81B-44D9-85F0-85FAAE55B2E0}.Release|Any CPU.ActiveCfg = Release|Any CPU
		{0DD5BF46-C81B-44D9-85F0-85FAAE55B2E0}.Release|Any CPU.Build.0 = Release|Any CPU
	EndGlobalSection
	GlobalSection(SolutionProperties) = preSolution
		HideSolutionNode = FALSE
	EndGlobalSection
	GlobalSection(ExtensibilityGlobals) = postSolution
		SolutionGuid = {63696F81-8E9C-4B59-8497-AA11BB80D680}
	EndGlobalSection
EndGlobal
